{
  "name": "GreaseMonkey",
  "lockfileVersion": 3,
  "requires": true,
  "packages": {
    "": {
      "devDependencies": {
        "@types/tampermonkey": "^4.0.10"
      }
    },
    "node_modules/@types/tampermonkey": {
      "version": "4.0.10",
      "resolved": "https://registry.npmmirror.com/@types/tampermonkey/-/tampermonkey-4.0.10.tgz",
      "integrity": "sha512-E3SYtXgeXG/nnq6uAPiZh7i0XA8jLbtiXraxxHTnsSjzQcQMxWBzbcoGkHgiC+zbHXxxkynUT9zt85SpF8loNw==",
      "dev": true
    }
  }
}
